
Microsoft Visual Studio Solution File, Format Version 12.00
# Visual Studio Version 17
VisualStudioVersion = 17.0.31903.59
MinimumVisualStudioVersion = 10.0.40219.1
Project("{2150E333-8FDC-42A3-9474-1A3956D46DE8}") = "src", "src", "{827E0CD3-B72D-47B6-A68D-7590B98EB39B}"
EndProject
Project("{2150E333-8FDC-42A3-9474-1A3956D46DE8}") = "ExtremeInjector.KeepInlined", "ExtremeInjector.KeepInlined", "{D0A9B16B-F03E-99FA-D2CF-5D4C23E13813}"
EndProject
Project("{FAE04EC0-301F-11D3-BF4B-00C04F79EFBC}") = "ExtremeInjector-3.7.3.keep-inlined.normalized", "src\ExtremeInjector.KeepInlined\ExtremeInjector-3.7.3.keep-inlined.normalized.csproj", "{89B9CCFB-3713-4822-80E6-6323E7E8D27F}"
EndProject
Project("{2150E333-8FDC-42A3-9474-1A3956D46DE8}") = "tools", "tools", "{07C2787E-EAC7-C090-1BA3-A61EC2A24D84}"
EndProject
Project("{FAE04EC0-301F-11D3-BF4B-00C04F79EFBC}") = "MetadataNormalizer", "tools\MetadataNormalizer\MetadataNormalizer.csproj", "{4825EBF4-392A-44CF-981C-09DE2AAC4DA1}"
EndProject
Project("{FAE04EC0-301F-11D3-BF4B-00C04F79EFBC}") = "ExtremeInjector.Clean", "src\ExtremeInjector.Clean\ExtremeInjector.Clean.csproj", "{7E2A9812-94F4-4AE2-9C05-52AEA3650E6E}"
EndProject
Project("{FAE04EC0-301F-11D3-BF4B-00C04F79EFBC}") = "StringCatalogExtractor", "tools\StringCatalogExtractor\StringCatalogExtractor.csproj", "{43694EC1-9A70-4207-B129-F22B47F38BB9}"
EndProject
Global
	GlobalSection(SolutionConfigurationPlatforms) = preSolution
		Debug|Any CPU = Debug|Any CPU
		Debug|x64 = Debug|x64
		Debug|x86 = Debug|x86
		Release|Any CPU = Release|Any CPU
		Release|x64 = Release|x64
		Release|x86 = Release|x86
	EndGlobalSection
	GlobalSection(ProjectConfigurationPlatforms) = postSolution
		{89B9CCFB-3713-4822-80E6-6323E7E8D27F}.Debug|Any CPU.ActiveCfg = Debug|Any CPU
		{89B9CCFB-3713-4822-80E6-6323E7E8D27F}.Debug|Any CPU.Build.0 = Debug|Any CPU
		{89B9CCFB-3713-4822-80E6-6323E7E8D27F}.Debug|x64.ActiveCfg = Debug|Any CPU
		{89B9CCFB-3713-4822-80E6-6323E7E8D27F}.Debug|x64.Build.0 = Debug|Any CPU
		{89B9CCFB-3713-4822-80E6-6323E7E8D27F}.Debug|x86.ActiveCfg = Debug|Any CPU
		{89B9CCFB-3713-4822-80E6-6323E7E8D27F}.Debug|x86.Build.0 = Debug|Any CPU
		{89B9CCFB-3713-4822-80E6-6323E7E8D27F}.Release|Any CPU.ActiveCfg = Release|Any CPU
		{89B9CCFB-3713-4822-80E6-6323E7E8D27F}.Release|Any CPU.Build.0 = Release|Any CPU
		{89B9CCFB-3713-4822-80E6-6323E7E8D27F}.Release|x64.ActiveCfg = Release|Any CPU
		{89B9CCFB-3713-4822-80E6-6323E7E8D27F}.Release|x64.Build.0 = Release|Any CPU
		{89B9CCFB-3713-4822-80E6-6323E7E8D27F}.Release|x86.ActiveCfg = Release|Any CPU
		{89B9CCFB-3713-4822-80E6-6323E7E8D27F}.Release|x86.Build.0 = Release|Any CPU
		{4825EBF4-392A-44CF-981C-09DE2AAC4DA1}.Debug|Any CPU.ActiveCfg = Debug|Any CPU
		{4825EBF4-392A-44CF-981C-09DE2AAC4DA1}.Debug|Any CPU.Build.0 = Debug|Any CPU
		{4825EBF4-392A-44CF-981C-09DE2AAC4DA1}.Debug|x64.ActiveCfg = Debug|Any CPU
		{4825EBF4-392A-44CF-981C-09DE2AAC4DA1}.Debug|x64.Build.0 = Debug|Any CPU
		{4825EBF4-392A-44CF-981C-09DE2AAC4DA1}.Debug|x86.ActiveCfg = Debug|Any CPU
		{4825EBF4-392A-44CF-981C-09DE2AAC4DA1}.Debug|x86.Build.0 = Debug|Any CPU
		{4825EBF4-392A-44CF-981C-09DE2AAC4DA1}.Release|Any CPU.ActiveCfg = Release|Any CPU
		{4825EBF4-392A-44CF-981C-09DE2AAC4DA1}.Release|Any CPU.Build.0 = Release|Any CPU
		{4825EBF4-392A-44CF-981C-09DE2AAC4DA1}.Release|x64.ActiveCfg = Release|Any CPU
		{4825EBF4-392A-44CF-981C-09DE2AAC4DA1}.Release|x64.Build.0 = Release|Any CPU
		{4825EBF4-392A-44CF-981C-09DE2AAC4DA1}.Release|x86.ActiveCfg = Release|Any CPU
		{4825EBF4-392A-44CF-981C-09DE2AAC4DA1}.Release|x86.Build.0 = Release|Any CPU
		{7E2A9812-94F4-4AE2-9C05-52AEA3650E6E}.Debug|Any CPU.ActiveCfg = Debug|Any CPU
		{7E2A9812-94F4-4AE2-9C05-52AEA3650E6E}.Debug|Any CPU.Build.0 = Debug|Any CPU
		{7E2A9812-94F4-4AE2-9C05-52AEA3650E6E}.Debug|x64.ActiveCfg = Debug|Any CPU
		{7E2A9812-94F4-4AE2-9C05-52AEA3650E6E}.Debug|x64.Build.0 = Debug|Any CPU
		{7E2A9812-94F4-4AE2-9C05-52AEA3650E6E}.Debug|x86.ActiveCfg = Debug|Any CPU
		{7E2A9812-94F4-4AE2-9C05-52AEA3650E6E}.Debug|x86.Build.0 = Debug|Any CPU
		{7E2A9812-94F4-4AE2-9C05-52AEA3650E6E}.Release|Any CPU.ActiveCfg = Release|Any CPU
		{7E2A9812-94F4-4AE2-9C05-52AEA3650E6E}.Release|Any CPU.Build.0 = Release|Any CPU
		{7E2A9812-94F4-4AE2-9C05-52AEA3650E6E}.Release|x64.ActiveCfg = Release|Any CPU
		{7E2A9812-94F4-4AE2-9C05-52AEA3650E6E}.Release|x64.Build.0 = Release|Any CPU
		{7E2A9812-94F4-4AE2-9C05-52AEA3650E6E}.Release|x86.ActiveCfg = Release|Any CPU
		{7E2A9812-94F4-4AE2-9C05-52AEA3650E6E}.Release|x86.Build.0 = Release|Any CPU
		{43694EC1-9A70-4207-B129-F22B47F38BB9}.Debug|Any CPU.ActiveCfg = Debug|Any CPU
		{43694EC1-9A70-4207-B129-F22B47F38BB9}.Debug|Any CPU.Build.0 = Debug|Any CPU
		{43694EC1-9A70-4207-B129-F22B47F38BB9}.Debug|x64.ActiveCfg = Debug|Any CPU
		{43694EC1-9A70-4207-B129-F22B47F38BB9}.Debug|x64.Build.0 = Debug|Any CPU
		{43694EC1-9A70-4207-B129-F22B47F38BB9}.Debug|x86.ActiveCfg = Debug|Any CPU
		{43694EC1-9A70-4207-B129-F22B47F38BB9}.Debug|x86.Build.0 = Debug|Any CPU
		{43694EC1-9A70-4207-B129-F22B47F38BB9}.Release|Any CPU.ActiveCfg = Release|Any CPU
		{43694EC1-9A70-4207-B129-F22B47F38BB9}.Release|Any CPU.Build.0 = Release|Any CPU
		{43694EC1-9A70-4207-B129-F22B47F38BB9}.Release|x64.ActiveCfg = Release|Any CPU
		{43694EC1-9A70-4207-B129-F22B47F38BB9}.Release|x64.Build.0 = Release|Any CPU
		{43694EC1-9A70-4207-B129-F22B47F38BB9}.Release|x86.ActiveCfg = Release|Any CPU
		{43694EC1-9A70-4207-B129-F22B47F38BB9}.Release|x86.Build.0 = Release|Any CPU
	EndGlobalSection
	GlobalSection(SolutionProperties) = preSolution
		HideSolutionNode = FALSE
	EndGlobalSection
	GlobalSection(NestedProjects) = preSolution
		{D0A9B16B-F03E-99FA-D2CF-5D4C23E13813} = {827E0CD3-B72D-47B6-A68D-7590B98EB39B}
		{89B9CCFB-3713-4822-80E6-6323E7E8D27F} = {D0A9B16B-F03E-99FA-D2CF-5D4C23E13813}
		{4825EBF4-392A-44CF-981C-09DE2AAC4DA1} = {07C2787E-EAC7-C090-1BA3-A61EC2A24D84}
		{7E2A9812-94F4-4AE2-9C05-52AEA3650E6E} = {827E0CD3-B72D-47B6-A68D-7590B98EB39B}
		{43694EC1-9A70-4207-B129-F22B47F38BB9} = {07C2787E-EAC7-C090-1BA3-A61EC2A24D84}
	EndGlobalSection
EndGlobal
